
Microsoft Visual Studio Solution File, Format Version 12.00
# Visual Studio 14
VisualStudioVersion = 14.0.24720.0
MinimumVisualStudioVersion = 10.0.40219.1
Project("{FAE04EC0-301F-11D3-BF4B-00C04F79EFBC}") = "CrossDomainPractice", "CrossDomainPractice\CrossDomainPractice.csproj", "{8598E34E-B0A5-42D8-B4EE-9440CED92772}"
EndProject
Project("{FAE04EC0-301F-11D3-BF4B-00C04F79EFBC}") = "CrossDomainPractice2", "CrossDomainPractice2\CrossDomainPractice2.csproj", "{F7AAAEE1-4573-4C39-92CA-1704EABA7448}"
EndProject
Global
	GlobalSection(SolutionConfigurationPlatforms) = preSolution
		Debug|Any CPU = Debug|Any CPU
		Release|Any CPU = Release|Any CPU
	EndGlobalSection
	GlobalSection(ProjectConfigurationPlatforms) = postSolution
		{8598E34E-B0A5-42D8-B4EE-9440CED92772}.Debug|Any CPU.ActiveCfg = Debug|Any CPU
		{8598E34E-B0A5-42D8-B4EE-9440CED92772}.Debug|Any CPU.Build.0 = Debug|Any CPU
		{8598E34E-B0A5-42D8-B4EE-9440CED92772}.Release|Any CPU.ActiveCfg = Release|Any CPU
		{8598E34E-B0A5-42D8-B4EE-9440CED92772}.Release|Any CPU.Build.0 = Release|Any CPU
		{F7AAAEE1-4573-4C39-92CA-1704EABA7448}.Debug|Any CPU.ActiveCfg = Debug|Any CPU
		{F7AAAEE1-4573-4C39-92CA-1704EABA7448}.Debug|Any CPU.Build.0 = Debug|Any CPU
		{F7AAAEE1-4573-4C39-92CA-1704EABA7448}.Release|Any CPU.ActiveCfg = Release|Any CPU
		{F7AAAEE1-4573-4C39-92CA-1704EABA7448}.Release|Any CPU.Build.0 = Release|Any CPU
	EndGlobalSection
	GlobalSection(SolutionProperties) = preSolution
		HideSolutionNode = FALSE
	EndGlobalSection
EndGlobal
